
Microsoft Visual Studio Solution File, Format Version 12.00
# Visual Studio 15
Project("{FAE04EC0-301F-11D3-BF4B-00C04F79EFBC}") = "Assembly-CSharp", "Assembly-CSharp.csproj", "{1712A5C5-CF75-F9CB-7027-14A22E4F4E11}"
EndProject
Global
	GlobalSection(SolutionConfigurationPlatforms) = preSolution
		Debug|Any CPU = Debug|Any CPU
		Release|Any CPU = Release|Any CPU
	EndGlobalSection
	GlobalSection(ProjectConfigurationPlatforms) = postSolution
		{1712A5C5-CF75-F9CB-7027-14A22E4F4E11}.Debug|Any CPU.ActiveCfg = Debug|Any CPU
		{1712A5C5-CF75-F9CB-7027-14A22E4F4E11}.Debug|Any CPU.Build.0 = Debug|Any CPU
		{1712A5C5-CF75-F9CB-7027-14A22E4F4E11}.Release|Any CPU.ActiveCfg = Release|Any CPU
		{1712A5C5-CF75-F9CB-7027-14A22E4F4E11}.Release|Any CPU.Build.0 = Release|Any CPU
	EndGlobalSection
	GlobalSection(SolutionProperties) = preSolution
		HideSolutionNode = FALSE
	EndGlobalSection
EndGlobal
